// !$*UTF8*$!
{
	archiveVersion = 1;
	classes = {
	};
	objectVersion = 50;
	objects = {

/* Begin PBXBuildFile section */
		1229FC6120D925DD00EAF007 /* AppDependencies.m in Sources */ = {isa = PBXBuildFile; fileRef = 1229FC6020D925DD00EAF007 /* AppDependencies.m */; };
		1229FC6A20D97F9400EAF007 /* MethodInteractor.m in Sources */ = {isa = PBXBuildFile; fileRef = 1229FC6920D97F9400EAF007 /* MethodInteractor.m */; };
		1229FC6D20D9816200EAF007 /* MethodPresenter.m in Sources */ = {isa = PBXBuildFile; fileRef = 1229FC6C20D9816200EAF007 /* MethodPresenter.m */; };
		1229FC7420D9831600EAF007 /* MethodViewController.m in Sources */ = {isa = PBXBuildFile; fileRef = 1229FC7320D9831600EAF007 /* MethodViewController.m */; };
		1229FC7720D9849100EAF007 /* MethodWireframe.m in Sources */ = {isa = PBXBuildFile; fileRef = 1229FC7620D9849100EAF007 /* MethodWireframe.m */; };
		1249EAF120D860C200FC4393 /* PurchaseStoreManager.m in Sources */ = {isa = PBXBuildFile; fileRef = 1249EAF020D860C200FC4393 /* PurchaseStoreManager.m */; };
		1249EAF820D8933300FC4393 /* AmountViewController.m in Sources */ = {isa = PBXBuildFile; fileRef = 1249EAF720D8933300FC4393 /* AmountViewController.m */; };
		1249EAFB20D89D0A00FC4393 /* AmountPresenter.m in Sources */ = {isa = PBXBuildFile; fileRef = 1249EAFA20D89D0A00FC4393 /* AmountPresenter.m */; };
		1249EB0020D8A2CA00FC4393 /* AmountWireframe.m in Sources */ = {isa = PBXBuildFile; fileRef = 1249EAFF20D8A2CA00FC4393 /* AmountWireframe.m */; };
		12511D2620D2139700E433BD /* AppDelegate.m in Sources */ = {isa = PBXBuildFile; fileRef = 12511D2520D2139700E433BD /* AppDelegate.m */; };
		12511D2C20D2139700E433BD /* Main.storyboard in Resources */ = {isa = PBXBuildFile; fileRef = 12511D2A20D2139700E433BD /* Main.storyboard */; };
		12511D2E20D2139A00E433BD /* Assets.xcassets in Resources */ = {isa = PBXBuildFile; fileRef = 12511D2D20D2139A00E433BD /* Assets.xcassets */; };
		12511D3120D2139A00E433BD /* LaunchScreen.storyboard in Resources */ = {isa = PBXBuildFile; fileRef = 12511D2F20D2139A00E433BD /* LaunchScreen.storyboard */; };
		12511D3420D2139A00E433BD /* main.m in Sources */ = {isa = PBXBuildFile; fileRef = 12511D3320D2139A00E433BD /* main.m */; };
		12511D3E20D2139A00E433BD /* PaymentAppTests.m in Sources */ = {isa = PBXBuildFile; fileRef = 12511D3D20D2139A00E433BD /* PaymentAppTests.m */; };
		12511D4920D2139A00E433BD /* PaymentAppUITests.m in Sources */ = {isa = PBXBuildFile; fileRef = 12511D4820D2139A00E433BD /* PaymentAppUITests.m */; };
		12675CF720D9E93F00B7248B /* BankPresenter.m in Sources */ = {isa = PBXBuildFile; fileRef = 12675CF620D9E93E00B7248B /* BankPresenter.m */; };
		12675CFA20D9E96200B7248B /* BankViewController.m in Sources */ = {isa = PBXBuildFile; fileRef = 12675CF920D9E96200B7248B /* BankViewController.m */; };
		12675CFE20D9E9BB00B7248B /* BankWireframe.m in Sources */ = {isa = PBXBuildFile; fileRef = 12675CFD20D9E9BB00B7248B /* BankWireframe.m */; };
		12675D0420D9EA8000B7248B /* BankInteractor.m in Sources */ = {isa = PBXBuildFile; fileRef = 12675D0320D9EA8000B7248B /* BankInteractor.m */; };
		12675D0720D9EA8F00B7248B /* BankAPIManager.m in Sources */ = {isa = PBXBuildFile; fileRef = 12675D0620D9EA8F00B7248B /* BankAPIManager.m */; };
		12F83E8320D6B0C10036656D /* PaymentMethod.m in Sources */ = {isa = PBXBuildFile; fileRef = 12F83E8220D6B0C10036656D /* PaymentMethod.m */; };
		12F83E8720D6B1DC0036656D /* CardIssuer.m in Sources */ = {isa = PBXBuildFile; fileRef = 12F83E8620D6B1DC0036656D /* CardIssuer.m */; };
		12F83E8A20D6B2570036656D /* Installment.m in Sources */ = {isa = PBXBuildFile; fileRef = 12F83E8920D6B2570036656D /* Installment.m */; };
		12F83E9720D6B7600036656D /* VTDRootWireframe.m in Sources */ = {isa = PBXBuildFile; fileRef = 12F83E9520D6B7600036656D /* VTDRootWireframe.m */; };
		12F83E9E20D6BFBC0036656D /* AmountInteractor.m in Sources */ = {isa = PBXBuildFile; fileRef = 12F83E9D20D6BFBC0036656D /* AmountInteractor.m */; };
		12F83EA220D6C2A30036656D /* Purchase.m in Sources */ = {isa = PBXBuildFile; fileRef = 12F83EA120D6C2A30036656D /* Purchase.m */; };
		12F83EA720D800C40036656D /* MethodAPIManager.m in Sources */ = {isa = PBXBuildFile; fileRef = 12F83EA620D800C40036656D /* MethodAPIManager.m */; };
		89DC88779A012C94DDFBDC2A /* libPods-PaymentApp.a in Frameworks */ = {isa = PBXBuildFile; fileRef = 815C41523F9434B763EF051D /* libPods-PaymentApp.a */; };
		97A5A366D56AE8978D011678 /* libPods-PaymentAppTests.a in Frameworks */ = {isa = PBXBuildFile; fileRef = 1561FA40095C667E180C238E /* libPods-PaymentAppTests.a */; };
		CA10C1A682AB994376B0A742 /* libPods-PaymentAppUITests.a in Frameworks */ = {isa = PBXBuildFile; fileRef = E77A50C14228DAB4AB6F599C /* libPods-PaymentAppUITests.a */; };
/* End PBXBuildFile section */

/* Begin PBXContainerItemProxy section */
		12511D3A20D2139A00E433BD /* PBXContainerItemProxy */ = {
			isa = PBXContainerItemProxy;
			containerPortal = 12511D1920D2139700E433BD /* Project object */;
			proxyType = 1;
			remoteGlobalIDString = 12511D2020D2139700E433BD;
			remoteInfo = PaymentApp;
		};
		12511D4520D2139A00E433BD /* PBXContainerItemProxy */ = {
			isa = PBXContainerItemProxy;
			containerPortal = 12511D1920D2139700E433BD /* Project object */;
			proxyType = 1;
			remoteGlobalIDString = 12511D2020D2139700E433BD;
			remoteInfo = PaymentApp;
		};
/* End PBXContainerItemProxy section */

/* Begin PBXFileReference section */
		1229FC5F20D925DD00EAF007 /* AppDependencies.h */ = {isa = PBXFileReference; lastKnownFileType = sourcecode.c.h; path = AppDependencies.h; sourceTree = "<group>"; };
		1229FC6020D925DD00EAF007 /* AppDependencies.m */ = {isa = PBXFileReference; lastKnownFileType = sourcecode.c.objc; path = AppDependencies.m; sourceTree = "<group>"; };
		1229FC6320D9663A00EAF007 /* MethodModule.h */ = {isa = PBXFileReference; lastKnownFileType = sourcecode.c.h; path = MethodModule.h; sourceTree = "<group>"; };
		1229FC6820D97F9400EAF007 /* MethodInteractor.h */ = {isa = PBXFileReference; lastKnownFileType = sourcecode.c.h; path = MethodInteractor.h; sourceTree = "<group>"; };
		1229FC6920D97F9400EAF007 /* MethodInteractor.m */ = {isa = PBXFileReference; lastKnownFileType = sourcecode.c.objc; path = MethodInteractor.m; sourceTree = "<group>"; };
		1229FC6B20D9816200EAF007 /* MethodPresenter.h */ = {isa = PBXFileReference; lastKnownFileType = sourcecode.c.h; path = MethodPresenter.h; sourceTree = "<group>"; };
		1229FC6C20D9816200EAF007 /* MethodPresenter.m */ = {isa = PBXFileReference; lastKnownFileType = sourcecode.c.objc; path = MethodPresenter.m; sourceTree = "<group>"; };
		1229FC7120D9820F00EAF007 /* MethodViewInterface.h */ = {isa = PBXFileReference; lastKnownFileType = sourcecode.c.h; path = MethodViewInterface.h; sourceTree = "<group>"; };
		1229FC7220D9831600EAF007 /* MethodViewController.h */ = {isa = PBXFileReference; lastKnownFileType = sourcecode.c.h; path = MethodViewController.h; sourceTree = "<group>"; };
		1229FC7320D9831600EAF007 /* MethodViewController.m */ = {isa = PBXFileReference; lastKnownFileType = sourcecode.c.objc; path = MethodViewController.m; sourceTree = "<group>"; };
		1229FC7520D9849100EAF007 /* MethodWireframe.h */ = {isa = PBXFileReference; lastKnownFileType = sourcecode.c.h; path = MethodWireframe.h; sourceTree = "<group>"; };
		1229FC7620D9849100EAF007 /* MethodWireframe.m */ = {isa = PBXFileReference; lastKnownFileType = sourcecode.c.objc; path = MethodWireframe.m; sourceTree = "<group>"; };
		1249EAEF20D860C200FC4393 /* PurchaseStoreManager.h */ = {isa = PBXFileReference; lastKnownFileType = sourcecode.c.h; path = PurchaseStoreManager.h; sourceTree = "<group>"; };
		1249EAF020D860C200FC4393 /* PurchaseStoreManager.m */ = {isa = PBXFileReference; lastKnownFileType = sourcecode.c.objc; path = PurchaseStoreManager.m; sourceTree = "<group>"; };
		1249EAF620D8933300FC4393 /* AmountViewController.h */ = {isa = PBXFileReference; lastKnownFileType = sourcecode.c.h; path = AmountViewController.h; sourceTree = "<group>"; };
		1249EAF720D8933300FC4393 /* AmountViewController.m */ = {isa = PBXFileReference; lastKnownFileType = sourcecode.c.objc; path = AmountViewController.m; sourceTree = "<group>"; };
		1249EAF920D89D0A00FC4393 /* AmountPresenter.h */ = {isa = PBXFileReference; lastKnownFileType = sourcecode.c.h; path = AmountPresenter.h; sourceTree = "<group>"; };
		1249EAFA20D89D0A00FC4393 /* AmountPresenter.m */ = {isa = PBXFileReference; lastKnownFileType = sourcecode.c.objc; path = AmountPresenter.m; sourceTree = "<group>"; };
		1249EAFD20D89D5B00FC4393 /* AmountModule.h */ = {isa = PBXFileReference; lastKnownFileType = sourcecode.c.h; path = AmountModule.h; sourceTree = "<group>"; };
		1249EAFE20D8A2CA00FC4393 /* AmountWireframe.h */ = {isa = PBXFileReference; lastKnownFileType = sourcecode.c.h; path = AmountWireframe.h; sourceTree = "<group>"; };
		1249EAFF20D8A2CA00FC4393 /* AmountWireframe.m */ = {isa = PBXFileReference; lastKnownFileType = sourcecode.c.objc; path = AmountWireframe.m; sourceTree = "<group>"; };
		1249EB0120D8AC6400FC4393 /* AmountViewInterface.h */ = {isa = PBXFileReference; lastKnownFileType = sourcecode.c.h; path = AmountViewInterface.h; sourceTree = "<group>"; };
		12511D2120D2139700E433BD /* PaymentApp.app */ = {isa = PBXFileReference; explicitFileType = wrapper.application; includeInIndex = 0; path = PaymentApp.app; sourceTree = BUILT_PRODUCTS_DIR; };
		12511D2420D2139700E433BD /* AppDelegate.h */ = {isa = PBXFileReference; lastKnownFileType = sourcecode.c.h; path = AppDelegate.h; sourceTree = "<group>"; };
		12511D2520D2139700E433BD /* AppDelegate.m */ = {isa = PBXFileReference; lastKnownFileType = sourcecode.c.objc; path = AppDelegate.m; sourceTree = "<group>"; };
		12511D2B20D2139700E433BD /* Base */ = {isa = PBXFileReference; lastKnownFileType = file.storyboard; name = Base; path = Base.lproj/Main.storyboard; sourceTree = "<group>"; };
		12511D2D20D2139A00E433BD /* Assets.xcassets */ = {isa = PBXFileReference; lastKnownFileType = folder.assetcatalog; path = Assets.xcassets; sourceTree = "<group>"; };
		12511D3020D2139A00E433BD /* Base */ = {isa = PBXFileReference; lastKnownFileType = file.storyboard; name = Base; path = Base.lproj/LaunchScreen.storyboard; sourceTree = "<group>"; };
		12511D3220D2139A00E433BD /* Info.plist */ = {isa = PBXFileReference; lastKnownFileType = text.plist.xml; path = Info.plist; sourceTree = "<group>"; };
		12511D3320D2139A00E433BD /* main.m */ = {isa = PBXFileReference; lastKnownFileType = sourcecode.c.objc; path = main.m; sourceTree = "<group>"; };
		12511D3920D2139A00E433BD /* PaymentAppTests.xctest */ = {isa = PBXFileReference; explicitFileType = wrapper.cfbundle; includeInIndex = 0; path = PaymentAppTests.xctest; sourceTree = BUILT_PRODUCTS_DIR; };
		12511D3D20D2139A00E433BD /* PaymentAppTests.m */ = {isa = PBXFileReference; lastKnownFileType = sourcecode.c.objc; path = PaymentAppTests.m; sourceTree = "<group>"; };
		12511D3F20D2139A00E433BD /* Info.plist */ = {isa = PBXFileReference; lastKnownFileType = text.plist.xml; path = Info.plist; sourceTree = "<group>"; };
		12511D4420D2139A00E433BD /* PaymentAppUITests.xctest */ = {isa = PBXFileReference; explicitFileType = wrapper.cfbundle; includeInIndex = 0; path = PaymentAppUITests.xctest; sourceTree = BUILT_PRODUCTS_DIR; };
		12511D4820D2139A00E433BD /* PaymentAppUITests.m */ = {isa = PBXFileReference; lastKnownFileType = sourcecode.c.objc; path = PaymentAppUITests.m; sourceTree = "<group>"; };
		12511D4A20D2139A00E433BD /* Info.plist */ = {isa = PBXFileReference; lastKnownFileType = text.plist.xml; path = Info.plist; sourceTree = "<group>"; };
		12675CEC20D9B4BE00B7248B /* MethodInteractorIO.h */ = {isa = PBXFileReference; lastKnownFileType = sourcecode.c.h; path = MethodInteractorIO.h; sourceTree = "<group>"; };
		12675CF120D9E90600B7248B /* BankModule.h */ = {isa = PBXFileReference; lastKnownFileType = sourcecode.c.h; path = BankModule.h; sourceTree = "<group>"; };
		12675CF520D9E93E00B7248B /* BankPresenter.h */ = {isa = PBXFileReference; lastKnownFileType = sourcecode.c.h; path = BankPresenter.h; sourceTree = "<group>"; };
		12675CF620D9E93E00B7248B /* BankPresenter.m */ = {isa = PBXFileReference; lastKnownFileType = sourcecode.c.objc; path = BankPresenter.m; sourceTree = "<group>"; };
		12675CF820D9E96200B7248B /* BankViewController.h */ = {isa = PBXFileReference; lastKnownFileType = sourcecode.c.h; path = BankViewController.h; sourceTree = "<group>"; };
		12675CF920D9E96200B7248B /* BankViewController.m */ = {isa = PBXFileReference; lastKnownFileType = sourcecode.c.objc; path = BankViewController.m; sourceTree = "<group>"; };
		12675CFB20D9E97500B7248B /* BankViewInterface.h */ = {isa = PBXFileReference; lastKnownFileType = sourcecode.c.h; path = BankViewInterface.h; sourceTree = "<group>"; };
		12675CFC20D9E9BB00B7248B /* BankWireframe.h */ = {isa = PBXFileReference; lastKnownFileType = sourcecode.c.h; path = BankWireframe.h; sourceTree = "<group>"; };
		12675CFD20D9E9BB00B7248B /* BankWireframe.m */ = {isa = PBXFileReference; lastKnownFileType = sourcecode.c.objc; path = BankWireframe.m; sourceTree = "<group>"; };
		12675D0120D9EA5600B7248B /* BankInteractorIO.h */ = {isa = PBXFileReference; lastKnownFileType = sourcecode.c.h; path = BankInteractorIO.h; sourceTree = "<group>"; };
		12675D0220D9EA8000B7248B /* BankInteractor.h */ = {isa = PBXFileReference; lastKnownFileType = sourcecode.c.h; path = BankInteractor.h; sourceTree = "<group>"; };
		12675D0320D9EA8000B7248B /* BankInteractor.m */ = {isa = PBXFileReference; lastKnownFileType = sourcecode.c.objc; path = BankInteractor.m; sourceTree = "<group>"; };
		12675D0520D9EA8F00B7248B /* BankAPIManager.h */ = {isa = PBXFileReference; lastKnownFileType = sourcecode.c.h; path = BankAPIManager.h; sourceTree = "<group>"; };
		12675D0620D9EA8F00B7248B /* BankAPIManager.m */ = {isa = PBXFileReference; lastKnownFileType = sourcecode.c.objc; path = BankAPIManager.m; sourceTree = "<group>"; };
		12F83E8120D6B0C10036656D /* PaymentMethod.h */ = {isa = PBXFileReference; lastKnownFileType = sourcecode.c.h; path = PaymentMethod.h; sourceTree = "<group>"; };
		12F83E8220D6B0C10036656D /* PaymentMethod.m */ = {isa = PBXFileReference; lastKnownFileType = sourcecode.c.objc; path = PaymentMethod.m; sourceTree = "<group>"; };
		12F83E8520D6B1DC0036656D /* CardIssuer.h */ = {isa = PBXFileReference; lastKnownFileType = sourcecode.c.h; path = CardIssuer.h; sourceTree = "<group>"; };
		12F83E8620D6B1DC0036656D /* CardIssuer.m */ = {isa = PBXFileReference; lastKnownFileType = sourcecode.c.objc; path = CardIssuer.m; sourceTree = "<group>"; };
		12F83E8820D6B2570036656D /* Installment.h */ = {isa = PBXFileReference; lastKnownFileType = sourcecode.c.h; path = Installment.h; sourceTree = "<group>"; };
		12F83E8920D6B2570036656D /* Installment.m */ = {isa = PBXFileReference; lastKnownFileType = sourcecode.c.objc; path = Installment.m; sourceTree = "<group>"; };
		12F83E9520D6B7600036656D /* VTDRootWireframe.m */ = {isa = PBXFileReference; fileEncoding = 4; lastKnownFileType = sourcecode.c.objc; path = VTDRootWireframe.m; sourceTree = "<group>"; };
		12F83E9620D6B7600036656D /* VTDRootWireframe.h */ = {isa = PBXFileReference; fileEncoding = 4; lastKnownFileType = sourcecode.c.h; path = VTDRootWireframe.h; sourceTree = "<group>"; };
		12F83E9C20D6BFBC0036656D /* AmountInteractor.h */ = {isa = PBXFileReference; lastKnownFileType = sourcecode.c.h; path = AmountInteractor.h; sourceTree = "<group>"; };
		12F83E9D20D6BFBC0036656D /* AmountInteractor.m */ = {isa = PBXFileReference; lastKnownFileType = sourcecode.c.objc; path = AmountInteractor.m; sourceTree = "<group>"; };
		12F83EA020D6C2A30036656D /* Purchase.h */ = {isa = PBXFileReference; lastKnownFileType = sourcecode.c.h; path = Purchase.h; sourceTree = "<group>"; };
		12F83EA120D6C2A30036656D /* Purchase.m */ = {isa = PBXFileReference; lastKnownFileType = sourcecode.c.objc; path = Purchase.m; sourceTree = "<group>"; };
		12F83EA520D800C40036656D /* MethodAPIManager.h */ = {isa = PBXFileReference; lastKnownFileType = sourcecode.c.h; path = MethodAPIManager.h; sourceTree = "<group>"; };
		12F83EA620D800C40036656D /* MethodAPIManager.m */ = {isa = PBXFileReference; lastKnownFileType = sourcecode.c.objc; path = MethodAPIManager.m; sourceTree = "<group>"; };
		1561FA40095C667E180C238E /* libPods-PaymentAppTests.a */ = {isa = PBXFileReference; explicitFileType = archive.ar; includeInIndex = 0; path = "libPods-PaymentAppTests.a"; sourceTree = BUILT_PRODUCTS_DIR; };
		293544A68E7992C8AA7464C3 /* Pods-PaymentAppUITests.release.xcconfig */ = {isa = PBXFileReference; includeInIndex = 1; lastKnownFileType = text.xcconfig; name = "Pods-PaymentAppUITests.release.xcconfig"; path = "Pods/Target Support Files/Pods-PaymentAppUITests/Pods-PaymentAppUITests.release.xcconfig"; sourceTree = "<group>"; };
		6B48F3B390B5A1455DD50B24 /* Pods-PaymentAppUITests.debug.xcconfig */ = {isa = PBXFileReference; includeInIndex = 1; lastKnownFileType = text.xcconfig; name = "Pods-PaymentAppUITests.debug.xcconfig"; path = "Pods/Target Support Files/Pods-PaymentAppUITests/Pods-PaymentAppUITests.debug.xcconfig"; sourceTree = "<group>"; };
		815C41523F9434B763EF051D /* libPods-PaymentApp.a */ = {isa = PBXFileReference; explicitFileType = archive.ar; includeInIndex = 0; path = "libPods-PaymentApp.a"; sourceTree = BUILT_PRODUCTS_DIR; };
		B7D59E0CDF4599BFA3AF060E /* Pods-PaymentAppTests.release.xcconfig */ = {isa = PBXFileReference; includeInIndex = 1; lastKnownFileType = text.xcconfig; name = "Pods-PaymentAppTests.release.xcconfig"; path = "Pods/Target Support Files/Pods-PaymentAppTests/Pods-PaymentAppTests.release.xcconfig"; sourceTree = "<group>"; };
		C12BCE88F5C4AF3362D23DAC /* Pods-PaymentAppTests.debug.xcconfig */ = {isa = PBXFileReference; includeInIndex = 1; lastKnownFileType = text.xcconfig; name = "Pods-PaymentAppTests.debug.xcconfig"; path = "Pods/Target Support Files/Pods-PaymentAppTests/Pods-PaymentAppTests.debug.xcconfig"; sourceTree = "<group>"; };
		D5CE8824F0C510566973E31C /* Pods-PaymentApp.release.xcconfig */ = {isa = PBXFileReference; includeInIndex = 1; lastKnownFileType = text.xcconfig; name = "Pods-PaymentApp.release.xcconfig"; path = "Pods/Target Support Files/Pods-PaymentApp/Pods-PaymentApp.release.xcconfig"; sourceTree = "<group>"; };
		E77A50C14228DAB4AB6F599C /* libPods-PaymentAppUITests.a */ = {isa = PBXFileReference; explicitFileType = archive.ar; includeInIndex = 0; path = "libPods-PaymentAppUITests.a"; sourceTree = BUILT_PRODUCTS_DIR; };
		F1CABCD2770E38AF621A6704 /* Pods-PaymentApp.debug.xcconfig */ = {isa = PBXFileReference; includeInIndex = 1; lastKnownFileType = text.xcconfig; name = "Pods-PaymentApp.debug.xcconfig"; path = "Pods/Target Support Files/Pods-PaymentApp/Pods-PaymentApp.debug.xcconfig"; sourceTree = "<group>"; };
/* End PBXFileReference section */

/* Begin PBXFrameworksBuildPhase section */
		12511D1E20D2139700E433BD /* Frameworks */ = {
			isa = PBXFrameworksBuildPhase;
			buildActionMask = 2147483647;
			files = (
				89DC88779A012C94DDFBDC2A /* libPods-PaymentApp.a in Frameworks */,
			);
			runOnlyForDeploymentPostprocessing = 0;
		};
		12511D3620D2139A00E433BD /* Frameworks */ = {
			isa = PBXFrameworksBuildPhase;
			buildActionMask = 2147483647;
			files = (
				97A5A366D56AE8978D011678 /* libPods-PaymentAppTests.a in Frameworks */,
			);
			runOnlyForDeploymentPostprocessing = 0;
		};
		12511D4120D2139A00E433BD /* Frameworks */ = {
			isa = PBXFrameworksBuildPhase;
			buildActionMask = 2147483647;
			files = (
				CA10C1A682AB994376B0A742 /* libPods-PaymentAppUITests.a in Frameworks */,
			);
			runOnlyForDeploymentPostprocessing = 0;
		};
/* End PBXFrameworksBuildPhase section */

/* Begin PBXGroup section */
		1229FC6220D965F000EAF007 /* Module Interface */ = {
			isa = PBXGroup;
			children = (
				1229FC6320D9663A00EAF007 /* MethodModule.h */,
			);
			path = "Module Interface";
			sourceTree = "<group>";
		};
		1229FC6420D9676F00EAF007 /* User Interface */ = {
			isa = PBXGroup;
			children = (
				1229FC6720D96C9900EAF007 /* Wireframe */,
				1229FC6620D96C9200EAF007 /* View */,
				1229FC6520D96C8A00EAF007 /* Presenter */,
			);
			path = "User Interface";
			sourceTree = "<group>";
		};
		1229FC6520D96C8A00EAF007 /* Presenter */ = {
			isa = PBXGroup;
			children = (
				1229FC6B20D9816200EAF007 /* MethodPresenter.h */,
				1229FC6C20D9816200EAF007 /* MethodPresenter.m */,
			);
			path = Presenter;
			sourceTree = "<group>";
		};
		1229FC6620D96C9200EAF007 /* View */ = {
			isa = PBXGroup;
			children = (
				1229FC7120D9820F00EAF007 /* MethodViewInterface.h */,
				1229FC7220D9831600EAF007 /* MethodViewController.h */,
				1229FC7320D9831600EAF007 /* MethodViewController.m */,
			);
			path = View;
			sourceTree = "<group>";
		};
		1229FC6720D96C9900EAF007 /* Wireframe */ = {
			isa = PBXGroup;
			children = (
				1229FC7520D9849100EAF007 /* MethodWireframe.h */,
				1229FC7620D9849100EAF007 /* MethodWireframe.m */,
			);
			path = Wireframe;
			sourceTree = "<group>";
		};
		1249EAF220D8920500FC4393 /* User Interface */ = {
			isa = PBXGroup;
			children = (
				1249EAF320D8920A00FC4393 /* Presenter */,
				1249EAF420D8921C00FC4393 /* View */,
				1249EAF520D8922500FC4393 /* Wireframe */,
			);
			path = "User Interface";
			sourceTree = "<group>";
		};
		1249EAF320D8920A00FC4393 /* Presenter */ = {
			isa = PBXGroup;
			children = (
				1249EAF920D89D0A00FC4393 /* AmountPresenter.h */,
				1249EAFA20D89D0A00FC4393 /* AmountPresenter.m */,
			);
			path = Presenter;
			sourceTree = "<group>";
		};
		1249EAF420D8921C00FC4393 /* View */ = {
			isa = PBXGroup;
			children = (
				1249EAF620D8933300FC4393 /* AmountViewController.h */,
				1249EAF720D8933300FC4393 /* AmountViewController.m */,
				1249EB0120D8AC6400FC4393 /* AmountViewInterface.h */,
			);
			path = View;
			sourceTree = "<group>";
		};
		1249EAF520D8922500FC4393 /* Wireframe */ = {
			isa = PBXGroup;
			children = (
				1249EAFE20D8A2CA00FC4393 /* AmountWireframe.h */,
				1249EAFF20D8A2CA00FC4393 /* AmountWireframe.m */,
			);
			path = Wireframe;
			sourceTree = "<group>";
		};
		1249EAFC20D89D4600FC4393 /* Module Interface */ = {
			isa = PBXGroup;
			children = (
				1249EAFD20D89D5B00FC4393 /* AmountModule.h */,
			);
			path = "Module Interface";
			sourceTree = "<group>";
		};
		12511D1820D2139700E433BD = {
			isa = PBXGroup;
			children = (
				12511D2320D2139700E433BD /* PaymentApp */,
				12511D3C20D2139A00E433BD /* PaymentAppTests */,
				12511D4720D2139A00E433BD /* PaymentAppUITests */,
				12511D2220D2139700E433BD /* Products */,
				2D9B9D1C6EB9C54C0DAFD080 /* Pods */,
				6E351E7FF3920FB35BE8DFF5 /* Frameworks */,
			);
			sourceTree = "<group>";
		};
		12511D2220D2139700E433BD /* Products */ = {
			isa = PBXGroup;
			children = (
				12511D2120D2139700E433BD /* PaymentApp.app */,
				12511D3920D2139A00E433BD /* PaymentAppTests.xctest */,
				12511D4420D2139A00E433BD /* PaymentAppUITests.xctest */,
			);
			name = Products;
			sourceTree = "<group>";
		};
		12511D2320D2139700E433BD /* PaymentApp */ = {
			isa = PBXGroup;
			children = (
				12F83E9220D6B6D60036656D /* Classes */,
				12511D2420D2139700E433BD /* AppDelegate.h */,
				12511D2520D2139700E433BD /* AppDelegate.m */,
				12511D2A20D2139700E433BD /* Main.storyboard */,
				12511D2D20D2139A00E433BD /* Assets.xcassets */,
				12511D2F20D2139A00E433BD /* LaunchScreen.storyboard */,
				12511D3220D2139A00E433BD /* Info.plist */,
				12511D3320D2139A00E433BD /* main.m */,
			);
			path = PaymentApp;
			sourceTree = "<group>";
		};
		12511D3C20D2139A00E433BD /* PaymentAppTests */ = {
			isa = PBXGroup;
			children = (
				12511D3D20D2139A00E433BD /* PaymentAppTests.m */,
				12511D3F20D2139A00E433BD /* Info.plist */,
			);
			path = PaymentAppTests;
			sourceTree = "<group>";
		};
		12511D4720D2139A00E433BD /* PaymentAppUITests */ = {
			isa = PBXGroup;
			children = (
				12511D4820D2139A00E433BD /* PaymentAppUITests.m */,
				12511D4A20D2139A00E433BD /* Info.plist */,
			);
			path = PaymentAppUITests;
			sourceTree = "<group>";
		};
		12675CED20D9E82800B7248B /* Bank */ = {
			isa = PBXGroup;
			children = (
				12675CF020D9E8D000B7248B /* Application Logic */,
				12675CEF20D9E8C800B7248B /* User Interface */,
				12675CEE20D9E8B900B7248B /* Module Interface */,
			);
			path = Bank;
			sourceTree = "<group>";
		};
		12675CEE20D9E8B900B7248B /* Module Interface */ = {
			isa = PBXGroup;
			children = (
				12675CF120D9E90600B7248B /* BankModule.h */,
			);
			path = "Module Interface";
			sourceTree = "<group>";
		};
		12675CEF20D9E8C800B7248B /* User Interface */ = {
			isa = PBXGroup;
			children = (
				12675CF420D9E91F00B7248B /* Wireframe */,
				12675CF320D9E91900B7248B /* View */,
				12675CF220D9E91000B7248B /* Presenter */,
			);
			path = "User Interface";
			sourceTree = "<group>";
		};
		12675CF020D9E8D000B7248B /* Application Logic */ = {
			isa = PBXGroup;
			children = (
				12675D0020D9EA1E00B7248B /* Interactor */,
				12675CFF20D9EA1700B7248B /* Manager */,
			);
			path = "Application Logic";
			sourceTree = "<group>";
		};
		12675CF220D9E91000B7248B /* Presenter */ = {
			isa = PBXGroup;
			children = (
				12675CF520D9E93E00B7248B /* BankPresenter.h */,
				12675CF620D9E93E00B7248B /* BankPresenter.m */,
			);
			path = Presenter;
			sourceTree = "<group>";
		};
		12675CF320D9E91900B7248B /* View */ = {
			isa = PBXGroup;
			children = (
				12675CF820D9E96200B7248B /* BankViewController.h */,
				12675CF920D9E96200B7248B /* BankViewController.m */,
				12675CFB20D9E97500B7248B /* BankViewInterface.h */,
			);
			path = View;
			sourceTree = "<group>";
		};
		12675CF420D9E91F00B7248B /* Wireframe */ = {
			isa = PBXGroup;
			children = (
				12675CFC20D9E9BB00B7248B /* BankWireframe.h */,
				12675CFD20D9E9BB00B7248B /* BankWireframe.m */,
			);
			path = Wireframe;
			sourceTree = "<group>";
		};
		12675CFF20D9EA1700B7248B /* Manager */ = {
			isa = PBXGroup;
			children = (
				12675D0520D9EA8F00B7248B /* BankAPIManager.h */,
				12675D0620D9EA8F00B7248B /* BankAPIManager.m */,
			);
			path = Manager;
			sourceTree = "<group>";
		};
		12675D0020D9EA1E00B7248B /* Interactor */ = {
			isa = PBXGroup;
			children = (
				12675D0120D9EA5600B7248B /* BankInteractorIO.h */,
				12675D0220D9EA8000B7248B /* BankInteractor.h */,
				12675D0320D9EA8000B7248B /* BankInteractor.m */,
			);
			path = Interactor;
			sourceTree = "<group>";
		};
		12F83E8420D6B0C70036656D /* Model */ = {
			isa = PBXGroup;
			children = (
				12F83E8120D6B0C10036656D /* PaymentMethod.h */,
				12F83E8220D6B0C10036656D /* PaymentMethod.m */,
				12F83E8520D6B1DC0036656D /* CardIssuer.h */,
				12F83E8620D6B1DC0036656D /* CardIssuer.m */,
				12F83E8820D6B2570036656D /* Installment.h */,
				12F83E8920D6B2570036656D /* Installment.m */,
				12F83EA020D6C2A30036656D /* Purchase.h */,
				12F83EA120D6C2A30036656D /* Purchase.m */,
			);
			path = Model;
			sourceTree = "<group>";
		};
		12F83E8D20D6B55A0036656D /* Modules */ = {
			isa = PBXGroup;
			children = (
				12675CED20D9E82800B7248B /* Bank */,
				12F83E9820D6BDB20036656D /* Amount */,
				12F83E8E20D6B5750036656D /* Method */,
			);
			path = Modules;
			sourceTree = "<group>";
		};
		12F83E8E20D6B5750036656D /* Method */ = {
			isa = PBXGroup;
			children = (
				1229FC6420D9676F00EAF007 /* User Interface */,
				1229FC6220D965F000EAF007 /* Module Interface */,
				12F83E8F20D6B61C0036656D /* Application Logic */,
			);
			path = Method;
			sourceTree = "<group>";
		};
		12F83E8F20D6B61C0036656D /* Application Logic */ = {
			isa = PBXGroup;
			children = (
				12F83E9120D6B6520036656D /* Manager */,
				12F83E9020D6B6480036656D /* Interactor */,
			);
			path = "Application Logic";
			sourceTree = "<group>";
		};
		12F83E9020D6B6480036656D /* Interactor */ = {
			isa = PBXGroup;
			children = (
				1229FC6820D97F9400EAF007 /* MethodInteractor.h */,
				1229FC6920D97F9400EAF007 /* MethodInteractor.m */,
				12675CEC20D9B4BE00B7248B /* MethodInteractorIO.h */,
			);
			path = Interactor;
			sourceTree = "<group>";
		};
		12F83E9120D6B6520036656D /* Manager */ = {
			isa = PBXGroup;
			children = (
				12F83EA520D800C40036656D /* MethodAPIManager.h */,
				12F83EA620D800C40036656D /* MethodAPIManager.m */,
			);
			path = Manager;
			sourceTree = "<group>";
		};
		12F83E9220D6B6D60036656D /* Classes */ = {
			isa = PBXGroup;
			children = (
				12F83E9320D6B6EF0036656D /* Common */,
				12F83E8D20D6B55A0036656D /* Modules */,
				1229FC5F20D925DD00EAF007 /* AppDependencies.h */,
				1229FC6020D925DD00EAF007 /* AppDependencies.m */,
			);
			path = Classes;
			sourceTree = "<group>";
		};
		12F83E9320D6B6EF0036656D /* Common */ = {
			isa = PBXGroup;
			children = (
				12F83EA420D800490036656D /* Manager */,
				12F83E8420D6B0C70036656D /* Model */,
				12F83E9420D6B7270036656D /* View */,
			);
			path = Common;
			sourceTree = "<group>";
		};
		12F83E9420D6B7270036656D /* View */ = {
			isa = PBXGroup;
			children = (
				12F83E9620D6B7600036656D /* VTDRootWireframe.h */,
				12F83E9520D6B7600036656D /* VTDRootWireframe.m */,
			);
			path = View;
			sourceTree = "<group>";
		};
		12F83E9820D6BDB20036656D /* Amount */ = {
			isa = PBXGroup;
			children = (
				1249EAFC20D89D4600FC4393 /* Module Interface */,
				1249EAF220D8920500FC4393 /* User Interface */,
				12F83E9920D6BDC60036656D /* Application Logic */,
			);
			path = Amount;
			sourceTree = "<group>";
		};
		12F83E9920D6BDC60036656D /* Application Logic */ = {
			isa = PBXGroup;
			children = (
				12F83EA320D8002F0036656D /* Manager */,
				12F83E9A20D6BE5F0036656D /* Interactor */,
			);
			path = "Application Logic";
			sourceTree = "<group>";
		};
		12F83E9A20D6BE5F0036656D /* Interactor */ = {
			isa = PBXGroup;
			children = (
				12F83E9C20D6BFBC0036656D /* AmountInteractor.h */,
				12F83E9D20D6BFBC0036656D /* AmountInteractor.m */,
			);
			path = Interactor;
			sourceTree = "<group>";
		};
		12F83EA320D8002F0036656D /* Manager */ = {
			isa = PBXGroup;
			children = (
			);
			path = Manager;
			sourceTree = "<group>";
		};
		12F83EA420D800490036656D /* Manager */ = {
			isa = PBXGroup;
			children = (
				1249EAEF20D860C200FC4393 /* PurchaseStoreManager.h */,
				1249EAF020D860C200FC4393 /* PurchaseStoreManager.m */,
			);
			path = Manager;
			sourceTree = "<group>";
		};
		2D9B9D1C6EB9C54C0DAFD080 /* Pods */ = {
			isa = PBXGroup;
			children = (
				F1CABCD2770E38AF621A6704 /* Pods-PaymentApp.debug.xcconfig */,
				D5CE8824F0C510566973E31C /* Pods-PaymentApp.release.xcconfig */,
				C12BCE88F5C4AF3362D23DAC /* Pods-PaymentAppTests.debug.xcconfig */,
				B7D59E0CDF4599BFA3AF060E /* Pods-PaymentAppTests.release.xcconfig */,
				6B48F3B390B5A1455DD50B24 /* Pods-PaymentAppUITests.debug.xcconfig */,
				293544A68E7992C8AA7464C3 /* Pods-PaymentAppUITests.release.xcconfig */,
			);
			name = Pods;
			sourceTree = "<group>";
		};
		6E351E7FF3920FB35BE8DFF5 /* Frameworks */ = {
			isa = PBXGroup;
			children = (
				815C41523F9434B763EF051D /* libPods-PaymentApp.a */,
				1561FA40095C667E180C238E /* libPods-PaymentAppTests.a */,
				E77A50C14228DAB4AB6F599C /* libPods-PaymentAppUITests.a */,
			);
			name = Frameworks;
			sourceTree = "<group>";
		};
/* End PBXGroup section */

/* Begin PBXNativeTarget section */
		12511D2020D2139700E433BD /* PaymentApp */ = {
			isa = PBXNativeTarget;
			buildConfigurationList = 12511D4D20D2139A00E433BD /* Build configuration list for PBXNativeTarget "PaymentApp" */;
			buildPhases = (
				255961D4BB0EA63F16E32DEC /* [CP] Check Pods Manifest.lock */,
				12511D1D20D2139700E433BD /* Sources */,
				12511D1E20D2139700E433BD /* Frameworks */,
				12511D1F20D2139700E433BD /* Resources */,
			);
			buildRules = (
			);
			dependencies = (
			);
			name = PaymentApp;
			productName = PaymentApp;
			productReference = 12511D2120D2139700E433BD /* PaymentApp.app */;
			productType = "com.apple.product-type.application";
		};
		12511D3820D2139A00E433BD /* PaymentAppTests */ = {
			isa = PBXNativeTarget;
			buildConfigurationList = 12511D5020D2139A00E433BD /* Build configuration list for PBXNativeTarget "PaymentAppTests" */;
			buildPhases = (
				B8457075545328B2B7B8237F /* [CP] Check Pods Manifest.lock */,
				12511D3520D2139A00E433BD /* Sources */,
				12511D3620D2139A00E433BD /* Frameworks */,
				12511D3720D2139A00E433BD /* Resources */,
			);
			buildRules = (
			);
			dependencies = (
				12511D3B20D2139A00E433BD /* PBXTargetDependency */,
			);
			name = PaymentAppTests;
			productName = PaymentAppTests;
			productReference = 12511D3920D2139A00E433BD /* PaymentAppTests.xctest */;
			productType = "com.apple.product-type.bundle.unit-test";
		};
		12511D4320D2139A00E433BD /* PaymentAppUITests */ = {
			isa = PBXNativeTarget;
			buildConfigurationList = 12511D5320D2139A00E433BD /* Build configuration list for PBXNativeTarget "PaymentAppUITests" */;
			buildPhases = (
				AFB28B12AD81A518E333178F /* [CP] Check Pods Manifest.lock */,
				12511D4020D2139A00E433BD /* Sources */,
				12511D4120D2139A00E433BD /* Frameworks */,
				12511D4220D2139A00E433BD /* Resources */,
			);
			buildRules = (
			);
			dependencies = (
				12511D4620D2139A00E433BD /* PBXTargetDependency */,
			);
			name = PaymentAppUITests;
			productName = PaymentAppUITests;
			productReference = 12511D4420D2139A00E433BD /* PaymentAppUITests.xctest */;
			productType = "com.apple.product-type.bundle.ui-testing";
		};
/* End PBXNativeTarget section */

/* Begin PBXProject section */
		12511D1920D2139700E433BD /* Project object */ = {
			isa = PBXProject;
			attributes = {
				LastUpgradeCheck = 0930;
				ORGANIZATIONNAME = negon;
				TargetAttributes = {
					12511D2020D2139700E433BD = {
						CreatedOnToolsVersion = 9.3.1;
					};
					12511D3820D2139A00E433BD = {
						CreatedOnToolsVersion = 9.3.1;
						TestTargetID = 12511D2020D2139700E433BD;
					};
					12511D4320D2139A00E433BD = {
						CreatedOnToolsVersion = 9.3.1;
						TestTargetID = 12511D2020D2139700E433BD;
					};
				};
			};
			buildConfigurationList = 12511D1C20D2139700E433BD /* Build configuration list for PBXProject "PaymentApp" */;
			compatibilityVersion = "Xcode 9.3";
			developmentRegion = en;
			hasScannedForEncodings = 0;
			knownRegions = (
				en,
				Base,
			);
			mainGroup = 12511D1820D2139700E433BD;
			productRefGroup = 12511D2220D2139700E433BD /* Products */;
			projectDirPath = "";
			projectRoot = "";
			targets = (
				12511D2020D2139700E433BD /* PaymentApp */,
				12511D3820D2139A00E433BD /* PaymentAppTests */,
				12511D4320D2139A00E433BD /* PaymentAppUITests */,
			);
		};
/* End PBXProject section */

/* Begin PBXResourcesBuildPhase section */
		12511D1F20D2139700E433BD /* Resources */ = {
			isa = PBXResourcesBuildPhase;
			buildActionMask = 2147483647;
			files = (
				12511D3120D2139A00E433BD /* LaunchScreen.storyboard in Resources */,
				12511D2E20D2139A00E433BD /* Assets.xcassets in Resources */,
				12511D2C20D2139700E433BD /* Main.storyboard in Resources */,
			);
			runOnlyForDeploymentPostprocessing = 0;
		};
		12511D3720D2139A00E433BD /* Resources */ = {
			isa = PBXResourcesBuildPhase;
			buildActionMask = 2147483647;
			files = (
			);
			runOnlyForDeploymentPostprocessing = 0;
		};
		12511D4220D2139A00E433BD /* Resources */ = {
			isa = PBXResourcesBuildPhase;
			buildActionMask = 2147483647;
			files = (
			);
			runOnlyForDeploymentPostprocessing = 0;
		};
/* End PBXResourcesBuildPhase section */

/* Begin PBXShellScriptBuildPhase section */
		255961D4BB0EA63F16E32DEC /* [CP] Check Pods Manifest.lock */ = {
			isa = PBXShellScriptBuildPhase;
			buildActionMask = 2147483647;
			files = (
			);
			inputPaths = (
				"${PODS_PODFILE_DIR_PATH}/Podfile.lock",
				"${PODS_ROOT}/Manifest.lock",
			);
			name = "[CP] Check Pods Manifest.lock";
			outputPaths = (
				"$(DERIVED_FILE_DIR)/Pods-PaymentApp-checkManifestLockResult.txt",
			);
			runOnlyForDeploymentPostprocessing = 0;
			shellPath = /bin/sh;
			shellScript = "diff \"${PODS_PODFILE_DIR_PATH}/Podfile.lock\" \"${PODS_ROOT}/Manifest.lock\" > /dev/null\nif [ $? != 0 ] ; then\n    # print error to STDERR\n    echo \"error: The sandbox is not in sync with the Podfile.lock. Run 'pod install' or update your CocoaPods installation.\" >&2\n    exit 1\nfi\n# This output is used by Xcode 'outputs' to avoid re-running this script phase.\necho \"SUCCESS\" > \"${SCRIPT_OUTPUT_FILE_0}\"\n";
			showEnvVarsInLog = 0;
		};
		AFB28B12AD81A518E333178F /* [CP] Check Pods Manifest.lock */ = {
			isa = PBXShellScriptBuildPhase;
			buildActionMask = 2147483647;
			files = (
			);
			inputPaths = (
				"${PODS_PODFILE_DIR_PATH}/Podfile.lock",
				"${PODS_ROOT}/Manifest.lock",
			);
			name = "[CP] Check Pods Manifest.lock";
			outputPaths = (
				"$(DERIVED_FILE_DIR)/Pods-PaymentAppUITests-checkManifestLockResult.txt",
			);
			runOnlyForDeploymentPostprocessing = 0;
			shellPath = /bin/sh;
			shellScript = "diff \"${PODS_PODFILE_DIR_PATH}/Podfile.lock\" \"${PODS_ROOT}/Manifest.lock\" > /dev/null\nif [ $? != 0 ] ; then\n    # print error to STDERR\n    echo \"error: The sandbox is not in sync with the Podfile.lock. Run 'pod install' or update your CocoaPods installation.\" >&2\n    exit 1\nfi\n# This output is used by Xcode 'outputs' to avoid re-running this script phase.\necho \"SUCCESS\" > \"${SCRIPT_OUTPUT_FILE_0}\"\n";
			showEnvVarsInLog = 0;
		};
		B8457075545328B2B7B8237F /* [CP] Check Pods Manifest.lock */ = {
			isa = PBXShellScriptBuildPhase;
			buildActionMask = 2147483647;
			files = (
			);
			inputPaths = (
				"${PODS_PODFILE_DIR_PATH}/Podfile.lock",
				"${PODS_ROOT}/Manifest.lock",
			);
			name = "[CP] Check Pods Manifest.lock";
			outputPaths = (
				"$(DERIVED_FILE_DIR)/Pods-PaymentAppTests-checkManifestLockResult.txt",
			);
			runOnlyForDeploymentPostprocessing = 0;
			shellPath = /bin/sh;
			shellScript = "diff \"${PODS_PODFILE_DIR_PATH}/Podfile.lock\" \"${PODS_ROOT}/Manifest.lock\" > /dev/null\nif [ $? != 0 ] ; then\n    # print error to STDERR\n    echo \"error: The sandbox is not in sync with the Podfile.lock. Run 'pod install' or update your CocoaPods installation.\" >&2\n    exit 1\nfi\n# This output is used by Xcode 'outputs' to avoid re-running this script phase.\necho \"SUCCESS\" > \"${SCRIPT_OUTPUT_FILE_0}\"\n";
			showEnvVarsInLog = 0;
		};
/* End PBXShellScriptBuildPhase section */

/* Begin PBXSourcesBuildPhase section */
		12511D1D20D2139700E433BD /* Sources */ = {
			isa = PBXSourcesBuildPhase;
			buildActionMask = 2147483647;
			files = (
				12F83EA720D800C40036656D /* MethodAPIManager.m in Sources */,
				12F83EA220D6C2A30036656D /* Purchase.m in Sources */,
				1229FC6A20D97F9400EAF007 /* MethodInteractor.m in Sources */,
				1249EAFB20D89D0A00FC4393 /* AmountPresenter.m in Sources */,
				1229FC7420D9831600EAF007 /* MethodViewController.m in Sources */,
				12F83E8320D6B0C10036656D /* PaymentMethod.m in Sources */,
				1229FC6D20D9816200EAF007 /* MethodPresenter.m in Sources */,
				1229FC7720D9849100EAF007 /* MethodWireframe.m in Sources */,
				1249EAF820D8933300FC4393 /* AmountViewController.m in Sources */,
				12511D3420D2139A00E433BD /* main.m in Sources */,
				1229FC6120D925DD00EAF007 /* AppDependencies.m in Sources */,
				12F83E8720D6B1DC0036656D /* CardIssuer.m in Sources */,
				1249EB0020D8A2CA00FC4393 /* AmountWireframe.m in Sources */,
				1249EAF120D860C200FC4393 /* PurchaseStoreManager.m in Sources */,
				12675CFA20D9E96200B7248B /* BankViewController.m in Sources */,
				12675CFE20D9E9BB00B7248B /* BankWireframe.m in Sources */,
				12675CF720D9E93F00B7248B /* BankPresenter.m in Sources */,
				12F83E9E20D6BFBC0036656D /* AmountInteractor.m in Sources */,
				12675D0420D9EA8000B7248B /* BankInteractor.m in Sources */,
				12511D2620D2139700E433BD /* AppDelegate.m in Sources */,
				12F83E8A20D6B2570036656D /* Installment.m in Sources */,
				12F83E9720D6B7600036656D /* VTDRootWireframe.m in Sources */,
				12675D0720D9EA8F00B7248B /* BankAPIManager.m in Sources */,
			);
			runOnlyForDeploymentPostprocessing = 0;
		};
		12511D3520D2139A00E433BD /* Sources */ = {
			isa = PBXSourcesBuildPhase;
			buildActionMask = 2147483647;
			files = (
				12511D3E20D2139A00E433BD /* PaymentAppTests.m in Sources */,
			);
			runOnlyForDeploymentPostprocessing = 0;
		};
		12511D4020D2139A00E433BD /* Sources */ = {
			isa = PBXSourcesBuildPhase;
			buildActionMask = 2147483647;
			files = (
				12511D4920D2139A00E433BD /* PaymentAppUITests.m in Sources */,
			);
			runOnlyForDeploymentPostprocessing = 0;
		};
/* End PBXSourcesBuildPhase section */

/* Begin PBXTargetDependency section */
		12511D3B20D2139A00E433BD /* PBXTargetDependency */ = {
			isa = PBXTargetDependency;
			target = 12511D2020D2139700E433BD /* PaymentApp */;
			targetProxy = 12511D3A20D2139A00E433BD /* PBXContainerItemProxy */;
		};
		12511D4620D2139A00E433BD /* PBXTargetDependency */ = {
			isa = PBXTargetDependency;
			target = 12511D2020D2139700E433BD /* PaymentApp */;
			targetProxy = 12511D4520D2139A00E433BD /* PBXContainerItemProxy */;
		};
/* End PBXTargetDependency section */

/* Begin PBXVariantGroup section */
		12511D2A20D2139700E433BD /* Main.storyboard */ = {
			isa = PBXVariantGroup;
			children = (
				12511D2B20D2139700E433BD /* Base */,
			);
			name = Main.storyboard;
			sourceTree = "<group>";
		};
		12511D2F20D2139A00E433BD /* LaunchScreen.storyboard */ = {
			isa = PBXVariantGroup;
			children = (
				12511D3020D2139A00E433BD /* Base */,
			);
			name = LaunchScreen.storyboard;
			sourceTree = "<group>";
		};
/* End PBXVariantGroup section */

/* Begin XCBuildConfiguration section */
		12511D4B20D2139A00E433BD /* Debug */ = {
			isa = XCBuildConfiguration;
			buildSettings = {
				ALWAYS_SEARCH_USER_PATHS = NO;
				CLANG_ANALYZER_NONNULL = YES;
				CLANG_ANALYZER_NUMBER_OBJECT_CONVERSION = YES_AGGRESSIVE;
				CLANG_CXX_LANGUAGE_STANDARD = "gnu++14";
				CLANG_CXX_LIBRARY = "libc++";
				CLANG_ENABLE_MODULES = YES;
				CLANG_ENABLE_OBJC_ARC = YES;
				CLANG_ENABLE_OBJC_WEAK = YES;
				CLANG_WARN_BLOCK_CAPTURE_AUTORELEASING = YES;
				CLANG_WARN_BOOL_CONVERSION = YES;
				CLANG_WARN_COMMA = YES;
				CLANG_WARN_CONSTANT_CONVERSION = YES;
				CLANG_WARN_DEPRECATED_OBJC_IMPLEMENTATIONS = YES;
				CLANG_WARN_DIRECT_OBJC_ISA_USAGE = YES_ERROR;
				CLANG_WARN_DOCUMENTATION_COMMENTS = YES;
				CLANG_WARN_EMPTY_BODY = YES;
				CLANG_WARN_ENUM_CONVERSION = YES;
				CLANG_WARN_INFINITE_RECURSION = YES;
				CLANG_WARN_INT_CONVERSION = YES;
				CLANG_WARN_NON_LITERAL_NULL_CONVERSION = YES;
				CLANG_WARN_OBJC_IMPLICIT_RETAIN_SELF = YES;
				CLANG_WARN_OBJC_LITERAL_CONVERSION = YES;
				CLANG_WARN_OBJC_ROOT_CLASS = YES_ERROR;
				CLANG_WARN_RANGE_LOOP_ANALYSIS = YES;
				CLANG_WARN_STRICT_PROTOTYPES = YES;
				CLANG_WARN_SUSPICIOUS_MOVE = YES;
				CLANG_WARN_UNGUARDED_AVAILABILITY = YES_AGGRESSIVE;
				CLANG_WARN_UNREACHABLE_CODE = YES;
				CLANG_WARN__DUPLICATE_METHOD_MATCH = YES;
				CODE_SIGN_IDENTITY = "iPhone Developer";
				COPY_PHASE_STRIP = NO;
				DEBUG_INFORMATION_FORMAT = dwarf;
				ENABLE_STRICT_OBJC_MSGSEND = YES;
				ENABLE_TESTABILITY = YES;
				GCC_C_LANGUAGE_STANDARD = gnu11;
				GCC_DYNAMIC_NO_PIC = NO;
				GCC_NO_COMMON_BLOCKS = YES;
				GCC_OPTIMIZATION_LEVEL = 0;
				GCC_PREPROCESSOR_DEFINITIONS = (
					"DEBUG=1",
					"$(inherited)",
				);
				GCC_WARN_64_TO_32_BIT_CONVERSION = YES;
				GCC_WARN_ABOUT_RETURN_TYPE = YES_ERROR;
				GCC_WARN_UNDECLARED_SELECTOR = YES;
				GCC_WARN_UNINITIALIZED_AUTOS = YES_AGGRESSIVE;
				GCC_WARN_UNUSED_FUNCTION = YES;
				GCC_WARN_UNUSED_VARIABLE = YES;
				IPHONEOS_DEPLOYMENT_TARGET = 11.3;
				MTL_ENABLE_DEBUG_INFO = YES;
				ONLY_ACTIVE_ARCH = YES;
				SDKROOT = iphoneos;
			};
			name = Debug;
		};
		12511D4C20D2139A00E433BD /* Release */ = {
			isa = XCBuildConfiguration;
			buildSettings = {
				ALWAYS_SEARCH_USER_PATHS = NO;
				CLANG_ANALYZER_NONNULL = YES;
				CLANG_ANALYZER_NUMBER_OBJECT_CONVERSION = YES_AGGRESSIVE;
				CLANG_CXX_LANGUAGE_STANDARD = "gnu++14";
				CLANG_CXX_LIBRARY = "libc++";
				CLANG_ENABLE_MODULES = YES;
				CLANG_ENABLE_OBJC_ARC = YES;
				CLANG_ENABLE_OBJC_WEAK = YES;
				CLANG_WARN_BLOCK_CAPTURE_AUTORELEASING = YES;
				CLANG_WARN_BOOL_CONVERSION = YES;
				CLANG_WARN_COMMA = YES;
				CLANG_WARN_CONSTANT_CONVERSION = YES;
				CLANG_WARN_DEPRECATED_OBJC_IMPLEMENTATIONS = YES;
				CLANG_WARN_DIRECT_OBJC_ISA_USAGE = YES_ERROR;
				CLANG_WARN_DOCUMENTATION_COMMENTS = YES;
				CLANG_WARN_EMPTY_BODY = YES;
				CLANG_WARN_ENUM_CONVERSION = YES;
				CLANG_WARN_INFINITE_RECURSION = YES;
				CLANG_WARN_INT_CONVERSION = YES;
				CLANG_WARN_NON_LITERAL_NULL_CONVERSION = YES;
				CLANG_WARN_OBJC_IMPLICIT_RETAIN_SELF = YES;
				CLANG_WARN_OBJC_LITERAL_CONVERSION = YES;
				CLANG_WARN_OBJC_ROOT_CLASS = YES_ERROR;
				CLANG_WARN_RANGE_LOOP_ANALYSIS = YES;
				CLANG_WARN_STRICT_PROTOTYPES = YES;
				CLANG_WARN_SUSPICIOUS_MOVE = YES;
				CLANG_WARN_UNGUARDED_AVAILABILITY = YES_AGGRESSIVE;
				CLANG_WARN_UNREACHABLE_CODE = YES;
				CLANG_WARN__DUPLICATE_METHOD_MATCH = YES;
				CODE_SIGN_IDENTITY = "iPhone Developer";
				COPY_PHASE_STRIP = NO;
				DEBUG_INFORMATION_FORMAT = "dwarf-with-dsym";
				ENABLE_NS_ASSERTIONS = NO;
				ENABLE_STRICT_OBJC_MSGSEND = YES;
				GCC_C_LANGUAGE_STANDARD = gnu11;
				GCC_NO_COMMON_BLOCKS = YES;
				GCC_WARN_64_TO_32_BIT_CONVERSION = YES;
				GCC_WARN_ABOUT_RETURN_TYPE = YES_ERROR;
				GCC_WARN_UNDECLARED_SELECTOR = YES;
				GCC_WARN_UNINITIALIZED_AUTOS = YES_AGGRESSIVE;
				GCC_WARN_UNUSED_FUNCTION = YES;
				GCC_WARN_UNUSED_VARIABLE = YES;
				IPHONEOS_DEPLOYMENT_TARGET = 11.3;
				MTL_ENABLE_DEBUG_INFO = NO;
				SDKROOT = iphoneos;
				VALIDATE_PRODUCT = YES;
			};
			name = Release;
		};
		12511D4E20D2139A00E433BD /* Debug */ = {
			isa = XCBuildConfiguration;
			baseConfigurationReference = F1CABCD2770E38AF621A6704 /* Pods-PaymentApp.debug.xcconfig */;
			buildSettings = {
				ASSETCATALOG_COMPILER_APPICON_NAME = AppIcon;
				CODE_SIGN_STYLE = Automatic;
				INFOPLIST_FILE = PaymentApp/Info.plist;
				LD_RUNPATH_SEARCH_PATHS = (
					"$(inherited)",
					"@executable_path/Frameworks",
				);
				PRODUCT_BUNDLE_IDENTIFIER = cl.negon.PaymentApp;
				PRODUCT_NAME = "$(TARGET_NAME)";
				TARGETED_DEVICE_FAMILY = "1,2";
			};
			name = Debug;
		};
		12511D4F20D2139A00E433BD /* Release */ = {
			isa = XCBuildConfiguration;
			baseConfigurationReference = D5CE8824F0C510566973E31C /* Pods-PaymentApp.release.xcconfig */;
			buildSettings = {
				ASSETCATALOG_COMPILER_APPICON_NAME = AppIcon;
				CODE_SIGN_STYLE = Automatic;
				INFOPLIST_FILE = PaymentApp/Info.plist;
				LD_RUNPATH_SEARCH_PATHS = (
					"$(inherited)",
					"@executable_path/Frameworks",
				);
				PRODUCT_BUNDLE_IDENTIFIER = cl.negon.PaymentApp;
				PRODUCT_NAME = "$(TARGET_NAME)";
				TARGETED_DEVICE_FAMILY = "1,2";
			};
			name = Release;
		};
		12511D5120D2139A00E433BD /* Debug */ = {
			isa = XCBuildConfiguration;
			baseConfigurationReference = C12BCE88F5C4AF3362D23DAC /* Pods-PaymentAppTests.debug.xcconfig */;
			buildSettings = {
				BUNDLE_LOADER = "$(TEST_HOST)";
				CODE_SIGN_STYLE = Automatic;
				INFOPLIST_FILE = PaymentAppTests/Info.plist;
				LD_RUNPATH_SEARCH_PATHS = (
					"$(inherited)",
					"@executable_path/Frameworks",
					"@loader_path/Frameworks",
				);
				PRODUCT_BUNDLE_IDENTIFIER = cl.negon.PaymentAppTests;
				PRODUCT_NAME = "$(TARGET_NAME)";
				TARGETED_DEVICE_FAMILY = "1,2";
				TEST_HOST = "$(BUILT_PRODUCTS_DIR)/PaymentApp.app/PaymentApp";
			};
			name = Debug;
		};
		12511D5220D2139A00E433BD /* Release */ = {
			isa = XCBuildConfiguration;
			baseConfigurationReference = B7D59E0CDF4599BFA3AF060E /* Pods-PaymentAppTests.release.xcconfig */;
			buildSettings = {
				BUNDLE_LOADER = "$(TEST_HOST)";
				CODE_SIGN_STYLE = Automatic;
				INFOPLIST_FILE = PaymentAppTests/Info.plist;
				LD_RUNPATH_SEARCH_PATHS = (
					"$(inherited)",
					"@executable_path/Frameworks",
					"@loader_path/Frameworks",
				);
				PRODUCT_BUNDLE_IDENTIFIER = cl.negon.PaymentAppTests;
				PRODUCT_NAME = "$(TARGET_NAME)";
				TARGETED_DEVICE_FAMILY = "1,2";
				TEST_HOST = "$(BUILT_PRODUCTS_DIR)/PaymentApp.app/PaymentApp";
			};
			name = Release;
		};
		12511D5420D2139A00E433BD /* Debug */ = {
			isa = XCBuildConfiguration;
			baseConfigurationReference = 6B48F3B390B5A1455DD50B24 /* Pods-PaymentAppUITests.debug.xcconfig */;
			buildSettings = {
				CODE_SIGN_STYLE = Automatic;
				INFOPLIST_FILE = PaymentAppUITests/Info.plist;
				LD_RUNPATH_SEARCH_PATHS = (
					"$(inherited)",
					"@executable_path/Frameworks",
					"@loader_path/Frameworks",
				);
				PRODUCT_BUNDLE_IDENTIFIER = cl.negon.PaymentAppUITests;
				PRODUCT_NAME = "$(TARGET_NAME)";
				TARGETED_DEVICE_FAMILY = "1,2";
				TEST_TARGET_NAME = PaymentApp;
			};
			name = Debug;
		};
		12511D5520D2139A00E433BD /* Release */ = {
			isa = XCBuildConfiguration;
			baseConfigurationReference = 293544A68E7992C8AA7464C3 /* Pods-PaymentAppUITests.release.xcconfig */;
			buildSettings = {
				CODE_SIGN_STYLE = Automatic;
				INFOPLIST_FILE = PaymentAppUITests/Info.plist;
				LD_RUNPATH_SEARCH_PATHS = (
					"$(inherited)",
					"@executable_path/Frameworks",
					"@loader_path/Frameworks",
				);
				PRODUCT_BUNDLE_IDENTIFIER = cl.negon.PaymentAppUITests;
				PRODUCT_NAME = "$(TARGET_NAME)";
				TARGETED_DEVICE_FAMILY = "1,2";
				TEST_TARGET_NAME = PaymentApp;
			};
			name = Release;
		};
/* End XCBuildConfiguration section */

/* Begin XCConfigurationList section */
		12511D1C20D2139700E433BD /* Build configuration list for PBXProject "PaymentApp" */ = {
			isa = XCConfigurationList;
			buildConfigurations = (
				12511D4B20D2139A00E433BD /* Debug */,
				12511D4C20D2139A00E433BD /* Release */,
			);
			defaultConfigurationIsVisible = 0;
			defaultConfigurationName = Release;
		};
		12511D4D20D2139A00E433BD /* Build configuration list for PBXNativeTarget "PaymentApp" */ = {
			isa = XCConfigurationList;
			buildConfigurations = (
				12511D4E20D2139A00E433BD /* Debug */,
				12511D4F20D2139A00E433BD /* Release */,
			);
			defaultConfigurationIsVisible = 0;
			defaultConfigurationName = Release;
		};
		12511D5020D2139A00E433BD /* Build configuration list for PBXNativeTarget "PaymentAppTests" */ = {
			isa = XCConfigurationList;
			buildConfigurations = (
				12511D5120D2139A00E433BD /* Debug */,
				12511D5220D2139A00E433BD /* Release */,
			);
			defaultConfigurationIsVisible = 0;
			defaultConfigurationName = Release;
		};
		12511D5320D2139A00E433BD /* Build configuration list for PBXNativeTarget "PaymentAppUITests" */ = {
			isa = XCConfigurationList;
			buildConfigurations = (
				12511D5420D2139A00E433BD /* Debug */,
				12511D5520D2139A00E433BD /* Release */,
			);
			defaultConfigurationIsVisible = 0;
			defaultConfigurationName = Release;
		};
/* End XCConfigurationList section */
	};
	rootObject = 12511D1920D2139700E433BD /* Project object */;
}
